
Microsoft Visual Studio Solution File, Format Version 12.00
# Visual Studio Version 17
VisualStudioVersion = 17.12.35728.132 d17.12
MinimumVisualStudioVersion = 10.0.40219.1
Project("{FAE04EC0-301F-11D3-BF4B-00C04F79EFBC}") = "SvnDump2Git", "SvnDump2Git.csproj", "{09BFA5E8-689F-48A9-9DDF-1029A23EACE6}"
EndProject
Global
	GlobalSection(SolutionConfigurationPlatforms) = preSolution
		Debug|Any CPU = Debug|Any CPU
		Release|Any CPU = Release|Any CPU
	EndGlobalSection
	GlobalSection(ProjectConfigurationPlatforms) = postSolution
		{09BFA5E8-689F-48A9-9DDF-1029A23EACE6}.Debug|Any CPU.ActiveCfg = Debug|Any CPU
		{09BFA5E8-689F-48A9-9DDF-1029A23EACE6}.Debug|Any CPU.Build.0 = Debug|Any CPU
		{09BFA5E8-689F-48A9-9DDF-1029A23EACE6}.Release|Any CPU.ActiveCfg = Release|Any CPU
		{09BFA5E8-689F-48A9-9DDF-1029A23EACE6}.Release|Any CPU.Build.0 = Release|Any CPU
	EndGlobalSection
	GlobalSection(SolutionProperties) = preSolution
		HideSolutionNode = FALSE
	EndGlobalSection
EndGlobal
